// !$*UTF8*$!
{
	archiveVersion = 1;
	classes = {
	};
	objectVersion = 56;
	objects = {

/* Begin PBXBuildFile section */
		5F0FDBF22ADA851A00A41D8A /* SpecialModel.swift in Sources */ = {isa = PBXBuildFile; fileRef = 5F0FDBF12ADA851A00A41D8A /* SpecialModel.swift */; };
		5F47FC5F2ADF36A1003943DD /* MainTabBarController.swift in Sources */ = {isa = PBXBuildFile; fileRef = 5F47FC5E2ADF36A1003943DD /* MainTabBarController.swift */; };
		5F47FC612ADF36C0003943DD /* WishListViewController.swift in Sources */ = {isa = PBXBuildFile; fileRef = 5F47FC602ADF36C0003943DD /* WishListViewController.swift */; };
		5F47FC632ADF36D0003943DD /* BasketViewController.swift in Sources */ = {isa = PBXBuildFile; fileRef = 5F47FC622ADF36D0003943DD /* BasketViewController.swift */; };
		5F47FC652ADF36E1003943DD /* ProfileViewController.swift in Sources */ = {isa = PBXBuildFile; fileRef = 5F47FC642ADF36E1003943DD /* ProfileViewController.swift */; };
		5F47FC672ADF3710003943DD /* DiscoverViewController.swift in Sources */ = {isa = PBXBuildFile; fileRef = 5F47FC662ADF3710003943DD /* DiscoverViewController.swift */; };
		5F47FC692ADF3722003943DD /* SearchViewController.swift in Sources */ = {isa = PBXBuildFile; fileRef = 5F47FC682ADF3722003943DD /* SearchViewController.swift */; };
		5F47FC6B2ADF4875003943DD /* DataService.swift in Sources */ = {isa = PBXBuildFile; fileRef = 5F47FC6A2ADF4875003943DD /* DataService.swift */; };
		5F47FC6D2ADF5537003943DD /* WishListTableViewCell.swift in Sources */ = {isa = PBXBuildFile; fileRef = 5F47FC6C2ADF5537003943DD /* WishListTableViewCell.swift */; };
		5F47FC6F2ADF73B0003943DD /* CoffeeDetailViewController.swift in Sources */ = {isa = PBXBuildFile; fileRef = 5F47FC6E2ADF73B0003943DD /* CoffeeDetailViewController.swift */; };
		5F64E19A2AD987140029A590 /* PagingView.swift in Sources */ = {isa = PBXBuildFile; fileRef = 5F64E1992AD987140029A590 /* PagingView.swift */; };
		5F73154B2AD66FAE00477E54 /* FirebaseConstants.swift in Sources */ = {isa = PBXBuildFile; fileRef = 5F73154A2AD66FAE00477E54 /* FirebaseConstants.swift */; };
		5FB5106B2AD517A0002AF588 /* GoogleService-Info.plist in Resources */ = {isa = PBXBuildFile; fileRef = 5FB5106A2AD517A0002AF588 /* GoogleService-Info.plist */; };
		5FBA36BD2ADC25DB00B4BF24 /* AppData.swift in Sources */ = {isa = PBXBuildFile; fileRef = 5FBA36BC2ADC25DB00B4BF24 /* AppData.swift */; };
		5FBA36C02ADD551A00B4BF24 /* FeaturedCollectionViewCell.swift in Sources */ = {isa = PBXBuildFile; fileRef = 5FBA36BF2ADD551A00B4BF24 /* FeaturedCollectionViewCell.swift */; };
		5FBC306F2AE1E9AC00CC4713 /* Loading.json in Resources */ = {isa = PBXBuildFile; fileRef = 5FBC306E2AE1E9AC00CC4713 /* Loading.json */; };
		5FBC643B2AD8771900EC894E /* ImageLoader.swift in Sources */ = {isa = PBXBuildFile; fileRef = 5FBC643A2AD8771900EC894E /* ImageLoader.swift */; };
		5FBC64412AD8A98700EC894E /* Lottie in Frameworks */ = {isa = PBXBuildFile; productRef = 5FBC64402AD8A98700EC894E /* Lottie */; };
		5FBC64452AD8AD7100EC894E /* LaunchScreen.json in Resources */ = {isa = PBXBuildFile; fileRef = 5FBC64442AD8AD7100EC894E /* LaunchScreen.json */; };
		5FBC64472AD8ADAE00EC894E /* SplashViewController.swift in Sources */ = {isa = PBXBuildFile; fileRef = 5FBC64462AD8ADAE00EC894E /* SplashViewController.swift */; };
		5FBC644A2AD8BCFE00EC894E /* Kingfisher in Frameworks */ = {isa = PBXBuildFile; productRef = 5FBC64492AD8BCFE00EC894E /* Kingfisher */; };
		5FBC644D2AD8BDD000EC894E /* SDWebImage in Frameworks */ = {isa = PBXBuildFile; productRef = 5FBC644C2AD8BDD000EC894E /* SDWebImage */; };
		5FBC644F2AD8BDD000EC894E /* SDWebImageMapKit in Frameworks */ = {isa = PBXBuildFile; productRef = 5FBC644E2AD8BDD000EC894E /* SDWebImageMapKit */; };
		5FBD49CE2AD295B100F515B8 /* AppDelegate.swift in Sources */ = {isa = PBXBuildFile; fileRef = 5FBD49CD2AD295B100F515B8 /* AppDelegate.swift */; };
		5FBD49D02AD295B100F515B8 /* SceneDelegate.swift in Sources */ = {isa = PBXBuildFile; fileRef = 5FBD49CF2AD295B100F515B8 /* SceneDelegate.swift */; };
		5FBD49D22AD295B100F515B8 /* LoginViewController.swift in Sources */ = {isa = PBXBuildFile; fileRef = 5FBD49D12AD295B100F515B8 /* LoginViewController.swift */; };
		5FBD49D72AD295B200F515B8 /* Assets.xcassets in Resources */ = {isa = PBXBuildFile; fileRef = 5FBD49D62AD295B200F515B8 /* Assets.xcassets */; };
		5FBD49DA2AD295B200F515B8 /* LaunchScreen.storyboard in Resources */ = {isa = PBXBuildFile; fileRef = 5FBD49D82AD295B200F515B8 /* LaunchScreen.storyboard */; };
		5FBD49E62AD32B8F00F515B8 /* SnapKit in Frameworks */ = {isa = PBXBuildFile; productRef = 5FBD49E52AD32B8F00F515B8 /* SnapKit */; };
		5FBD49E82AD32B8F00F515B8 /* SnapKit-Dynamic in Frameworks */ = {isa = PBXBuildFile; productRef = 5FBD49E72AD32B8F00F515B8 /* SnapKit-Dynamic */; };
		5FC5C7542AD55D3400D946B4 /* HomeViewController.swift in Sources */ = {isa = PBXBuildFile; fileRef = 5FC5C7532AD55D3400D946B4 /* HomeViewController.swift */; };
		5FC5C7572AD5DB8300D946B4 /* AppError.swift in Sources */ = {isa = PBXBuildFile; fileRef = 5FC5C7562AD5DB8300D946B4 /* AppError.swift */; };
		5FD0AA1E2AD51E09001EEE36 /* UserModel.swift in Sources */ = {isa = PBXBuildFile; fileRef = 5FD0AA1D2AD51E09001EEE36 /* UserModel.swift */; };
		5FD0AA202AD51E3C001EEE36 /* PostModel.swift in Sources */ = {isa = PBXBuildFile; fileRef = 5FD0AA1F2AD51E3C001EEE36 /* PostModel.swift */; };
		5FD0AA222AD51E51001EEE36 /* CommentModel.swift in Sources */ = {isa = PBXBuildFile; fileRef = 5FD0AA212AD51E51001EEE36 /* CommentModel.swift */; };
		5FD0AA242AD51E6D001EEE36 /* CoffeeModel.swift in Sources */ = {isa = PBXBuildFile; fileRef = 5FD0AA232AD51E6D001EEE36 /* CoffeeModel.swift */; };
		5FD0AA262AD51E86001EEE36 /* ShoppingCartModel.swift in Sources */ = {isa = PBXBuildFile; fileRef = 5FD0AA252AD51E86001EEE36 /* ShoppingCartModel.swift */; };
		5FD0AA282AD51E9D001EEE36 /* WishlistItemModel.swift in Sources */ = {isa = PBXBuildFile; fileRef = 5FD0AA272AD51E9D001EEE36 /* WishlistItemModel.swift */; };
		5FD0AA2A2AD51EB4001EEE36 /* CoffeeCategoryModel.swift in Sources */ = {isa = PBXBuildFile; fileRef = 5FD0AA292AD51EB4001EEE36 /* CoffeeCategoryModel.swift */; };
		5FD0AA2C2AD51F1D001EEE36 /* ShoppingCartItemModel.swift in Sources */ = {isa = PBXBuildFile; fileRef = 5FD0AA2B2AD51F1D001EEE36 /* ShoppingCartItemModel.swift */; };
		5FD0AA2F2AD52031001EEE36 /* AuthenticationService.swift in Sources */ = {isa = PBXBuildFile; fileRef = 5FD0AA2E2AD52031001EEE36 /* AuthenticationService.swift */; };
		5FD0AA322AD52123001EEE36 /* FirebaseStorage in Frameworks */ = {isa = PBXBuildFile; productRef = 5FD0AA312AD52123001EEE36 /* FirebaseStorage */; };
		5FD0AA342AD52129001EEE36 /* FirebaseAuth in Frameworks */ = {isa = PBXBuildFile; productRef = 5FD0AA332AD52129001EEE36 /* FirebaseAuth */; };
		5FD0AA362AD52133001EEE36 /* FirebaseFirestore in Frameworks */ = {isa = PBXBuildFile; productRef = 5FD0AA352AD52133001EEE36 /* FirebaseFirestore */; };
		5FD0AA392AD5276D001EEE36 /* AppExtensions.swift in Sources */ = {isa = PBXBuildFile; fileRef = 5FD0AA382AD5276D001EEE36 /* AppExtensions.swift */; };
		5FD0AA3B2AD532B8001EEE36 /* CustomProgressIndicator.swift in Sources */ = {isa = PBXBuildFile; fileRef = 5FD0AA3A2AD532B8001EEE36 /* CustomProgressIndicator.swift */; };
		5FEB1DB12AD335DF0033F164 /* AppColors.swift in Sources */ = {isa = PBXBuildFile; fileRef = 5FEB1DB02AD335DF0033F164 /* AppColors.swift */; };
		5FEB1DB32AD338280033F164 /* CustomTextField.swift in Sources */ = {isa = PBXBuildFile; fileRef = 5FEB1DB22AD338280033F164 /* CustomTextField.swift */; };
		5FEB1DB52AD33A8B0033F164 /* StringConstants.swift in Sources */ = {isa = PBXBuildFile; fileRef = 5FEB1DB42AD33A8B0033F164 /* StringConstants.swift */; };
		5FEB1DBD2AD33F7F0033F164 /* CustomButton.swift in Sources */ = {isa = PBXBuildFile; fileRef = 5FEB1DBC2AD33F7F0033F164 /* CustomButton.swift */; };
		5FEB1DC32AD3476A0033F164 /* Localizable.xcstrings in Resources */ = {isa = PBXBuildFile; fileRef = 5FEB1DC12AD3476A0033F164 /* Localizable.xcstrings */; };
		5FEB1DC72AD3CE6F0033F164 /* AppStyle.swift in Sources */ = {isa = PBXBuildFile; fileRef = 5FEB1DC62AD3CE6F0033F164 /* AppStyle.swift */; };
		5FEB1DC92AD3DB6F0033F164 /* RegisterViewController.swift in Sources */ = {isa = PBXBuildFile; fileRef = 5FEB1DC82AD3DB6F0033F164 /* RegisterViewController.swift */; };
		5FEB1DCB2AD3DC720033F164 /* LoginLogoImageView.swift in Sources */ = {isa = PBXBuildFile; fileRef = 5FEB1DCA2AD3DC720033F164 /* LoginLogoImageView.swift */; };
		5FEB1DD02AD403990033F164 /* IQKeyboardManagerSwift in Frameworks */ = {isa = PBXBuildFile; productRef = 5FEB1DCF2AD403990033F164 /* IQKeyboardManagerSwift */; };
		5FEB1DD22AD4221E0033F164 /* PhotoPickerManager.swift in Sources */ = {isa = PBXBuildFile; fileRef = 5FEB1DD12AD4221E0033F164 /* PhotoPickerManager.swift */; };
		5FF0D50E2AE01A9A0086CAA1 /* BasketListTableViewCell.swift in Sources */ = {isa = PBXBuildFile; fileRef = 5FF0D50D2AE01A9A0086CAA1 /* BasketListTableViewCell.swift */; };
/* End PBXBuildFile section */

/* Begin PBXFileReference section */
		5F0FDBF12ADA851A00A41D8A /* SpecialModel.swift */ = {isa = PBXFileReference; lastKnownFileType = sourcecode.swift; path = SpecialModel.swift; sourceTree = "<group>"; };
		5F47FC5E2ADF36A1003943DD /* MainTabBarController.swift */ = {isa = PBXFileReference; lastKnownFileType = sourcecode.swift; path = MainTabBarController.swift; sourceTree = "<group>"; };
		5F47FC602ADF36C0003943DD /* WishListViewController.swift */ = {isa = PBXFileReference; lastKnownFileType = sourcecode.swift; path = WishListViewController.swift; sourceTree = "<group>"; };
		5F47FC622ADF36D0003943DD /* BasketViewController.swift */ = {isa = PBXFileReference; lastKnownFileType = sourcecode.swift; path = BasketViewController.swift; sourceTree = "<group>"; };
		5F47FC642ADF36E1003943DD /* ProfileViewController.swift */ = {isa = PBXFileReference; lastKnownFileType = sourcecode.swift; path = ProfileViewController.swift; sourceTree = "<group>"; };
		5F47FC662ADF3710003943DD /* DiscoverViewController.swift */ = {isa = PBXFileReference; lastKnownFileType = sourcecode.swift; path = DiscoverViewController.swift; sourceTree = "<group>"; };
		5F47FC682ADF3722003943DD /* SearchViewController.swift */ = {isa = PBXFileReference; lastKnownFileType = sourcecode.swift; path = SearchViewController.swift; sourceTree = "<group>"; };
		5F47FC6A2ADF4875003943DD /* DataService.swift */ = {isa = PBXFileReference; lastKnownFileType = sourcecode.swift; path = DataService.swift; sourceTree = "<group>"; };
		5F47FC6C2ADF5537003943DD /* WishListTableViewCell.swift */ = {isa = PBXFileReference; lastKnownFileType = sourcecode.swift; path = WishListTableViewCell.swift; sourceTree = "<group>"; };
		5F47FC6E2ADF73B0003943DD /* CoffeeDetailViewController.swift */ = {isa = PBXFileReference; lastKnownFileType = sourcecode.swift; path = CoffeeDetailViewController.swift; sourceTree = "<group>"; };
		5F64E1992AD987140029A590 /* PagingView.swift */ = {isa = PBXFileReference; lastKnownFileType = sourcecode.swift; path = PagingView.swift; sourceTree = "<group>"; };
		5F73154A2AD66FAE00477E54 /* FirebaseConstants.swift */ = {isa = PBXFileReference; lastKnownFileType = sourcecode.swift; path = FirebaseConstants.swift; sourceTree = "<group>"; };
		5FB5106A2AD517A0002AF588 /* GoogleService-Info.plist */ = {isa = PBXFileReference; fileEncoding = 4; lastKnownFileType = text.plist.xml; name = "GoogleService-Info.plist"; path = "../../../../../Downloads/GoogleService-Info.plist"; sourceTree = "<group>"; };
		5FBA36BC2ADC25DB00B4BF24 /* AppData.swift */ = {isa = PBXFileReference; lastKnownFileType = sourcecode.swift; path = AppData.swift; sourceTree = "<group>"; };
		5FBA36BF2ADD551A00B4BF24 /* FeaturedCollectionViewCell.swift */ = {isa = PBXFileReference; lastKnownFileType = sourcecode.swift; path = FeaturedCollectionViewCell.swift; sourceTree = "<group>"; };
		5FBC306E2AE1E9AC00CC4713 /* Loading.json */ = {isa = PBXFileReference; fileEncoding = 4; lastKnownFileType = text.json; path = Loading.json; sourceTree = "<group>"; };
		5FBC643A2AD8771900EC894E /* ImageLoader.swift */ = {isa = PBXFileReference; lastKnownFileType = sourcecode.swift; path = ImageLoader.swift; sourceTree = "<group>"; };
		5FBC64442AD8AD7100EC894E /* LaunchScreen.json */ = {isa = PBXFileReference; fileEncoding = 4; lastKnownFileType = text.json; path = LaunchScreen.json; sourceTree = "<group>"; };
		5FBC64462AD8ADAE00EC894E /* SplashViewController.swift */ = {isa = PBXFileReference; lastKnownFileType = sourcecode.swift; path = SplashViewController.swift; sourceTree = "<group>"; };
		5FBD49CA2AD295B100F515B8 /* CoffeeConnect.app */ = {isa = PBXFileReference; explicitFileType = wrapper.application; includeInIndex = 0; path = CoffeeConnect.app; sourceTree = BUILT_PRODUCTS_DIR; };
		5FBD49CD2AD295B100F515B8 /* AppDelegate.swift */ = {isa = PBXFileReference; lastKnownFileType = sourcecode.swift; path = AppDelegate.swift; sourceTree = "<group>"; };
		5FBD49CF2AD295B100F515B8 /* SceneDelegate.swift */ = {isa = PBXFileReference; lastKnownFileType = sourcecode.swift; path = SceneDelegate.swift; sourceTree = "<group>"; };
		5FBD49D12AD295B100F515B8 /* LoginViewController.swift */ = {isa = PBXFileReference; lastKnownFileType = sourcecode.swift; path = LoginViewController.swift; sourceTree = "<group>"; };
		5FBD49D62AD295B200F515B8 /* Assets.xcassets */ = {isa = PBXFileReference; lastKnownFileType = folder.assetcatalog; path = Assets.xcassets; sourceTree = "<group>"; };
		5FBD49D92AD295B200F515B8 /* Base */ = {isa = PBXFileReference; lastKnownFileType = file.storyboard; name = Base; path = Base.lproj/LaunchScreen.storyboard; sourceTree = "<group>"; };
		5FBD49DB2AD295B200F515B8 /* Info.plist */ = {isa = PBXFileReference; lastKnownFileType = text.plist.xml; path = Info.plist; sourceTree = "<group>"; };
		5FC5C7532AD55D3400D946B4 /* HomeViewController.swift */ = {isa = PBXFileReference; lastKnownFileType = sourcecode.swift; path = HomeViewController.swift; sourceTree = "<group>"; };
		5FC5C7562AD5DB8300D946B4 /* AppError.swift */ = {isa = PBXFileReference; lastKnownFileType = sourcecode.swift; path = AppError.swift; sourceTree = "<group>"; };
		5FD0AA1D2AD51E09001EEE36 /* UserModel.swift */ = {isa = PBXFileReference; lastKnownFileType = sourcecode.swift; path = UserModel.swift; sourceTree = "<group>"; };
		5FD0AA1F2AD51E3C001EEE36 /* PostModel.swift */ = {isa = PBXFileReference; lastKnownFileType = sourcecode.swift; path = PostModel.swift; sourceTree = "<group>"; };
		5FD0AA212AD51E51001EEE36 /* CommentModel.swift */ = {isa = PBXFileReference; lastKnownFileType = sourcecode.swift; path = CommentModel.swift; sourceTree = "<group>"; };
		5FD0AA232AD51E6D001EEE36 /* CoffeeModel.swift */ = {isa = PBXFileReference; lastKnownFileType = sourcecode.swift; path = CoffeeModel.swift; sourceTree = "<group>"; };
		5FD0AA252AD51E86001EEE36 /* ShoppingCartModel.swift */ = {isa = PBXFileReference; lastKnownFileType = sourcecode.swift; path = ShoppingCartModel.swift; sourceTree = "<group>"; };
		5FD0AA272AD51E9D001EEE36 /* WishlistItemModel.swift */ = {isa = PBXFileReference; lastKnownFileType = sourcecode.swift; path = WishlistItemModel.swift; sourceTree = "<group>"; };
		5FD0AA292AD51EB4001EEE36 /* CoffeeCategoryModel.swift */ = {isa = PBXFileReference; lastKnownFileType = sourcecode.swift; path = CoffeeCategoryModel.swift; sourceTree = "<group>"; };
		5FD0AA2B2AD51F1D001EEE36 /* ShoppingCartItemModel.swift */ = {isa = PBXFileReference; lastKnownFileType = sourcecode.swift; path = ShoppingCartItemModel.swift; sourceTree = "<group>"; };
		5FD0AA2E2AD52031001EEE36 /* AuthenticationService.swift */ = {isa = PBXFileReference; lastKnownFileType = sourcecode.swift; path = AuthenticationService.swift; sourceTree = "<group>"; };
		5FD0AA382AD5276D001EEE36 /* AppExtensions.swift */ = {isa = PBXFileReference; lastKnownFileType = sourcecode.swift; path = AppExtensions.swift; sourceTree = "<group>"; };
		5FD0AA3A2AD532B8001EEE36 /* CustomProgressIndicator.swift */ = {isa = PBXFileReference; lastKnownFileType = sourcecode.swift; path = CustomProgressIndicator.swift; sourceTree = "<group>"; };
		5FEB1DB02AD335DF0033F164 /* AppColors.swift */ = {isa = PBXFileReference; lastKnownFileType = sourcecode.swift; path = AppColors.swift; sourceTree = "<group>"; };
		5FEB1DB22AD338280033F164 /* CustomTextField.swift */ = {isa = PBXFileReference; lastKnownFileType = sourcecode.swift; path = CustomTextField.swift; sourceTree = "<group>"; };
		5FEB1DB42AD33A8B0033F164 /* StringConstants.swift */ = {isa = PBXFileReference; lastKnownFileType = sourcecode.swift; path = StringConstants.swift; sourceTree = "<group>"; };
		5FEB1DBC2AD33F7F0033F164 /* CustomButton.swift */ = {isa = PBXFileReference; lastKnownFileType = sourcecode.swift; path = CustomButton.swift; sourceTree = "<group>"; };
		5FEB1DC22AD3476A0033F164 /* tr */ = {isa = PBXFileReference; lastKnownFileType = text.json.xcstrings; name = tr; path = Localizable.xcstrings; sourceTree = "<group>"; };
		5FEB1DC62AD3CE6F0033F164 /* AppStyle.swift */ = {isa = PBXFileReference; lastKnownFileType = sourcecode.swift; path = AppStyle.swift; sourceTree = "<group>"; };
		5FEB1DC82AD3DB6F0033F164 /* RegisterViewController.swift */ = {isa = PBXFileReference; lastKnownFileType = sourcecode.swift; path = RegisterViewController.swift; sourceTree = "<group>"; };
		5FEB1DCA2AD3DC720033F164 /* LoginLogoImageView.swift */ = {isa = PBXFileReference; lastKnownFileType = sourcecode.swift; path = LoginLogoImageView.swift; sourceTree = "<group>"; };
		5FEB1DD12AD4221E0033F164 /* PhotoPickerManager.swift */ = {isa = PBXFileReference; lastKnownFileType = sourcecode.swift; path = PhotoPickerManager.swift; sourceTree = "<group>"; };
		5FF0D50D2AE01A9A0086CAA1 /* BasketListTableViewCell.swift */ = {isa = PBXFileReference; lastKnownFileType = sourcecode.swift; path = BasketListTableViewCell.swift; sourceTree = "<group>"; };
/* End PBXFileReference section */

/* Begin PBXFrameworksBuildPhase section */
		5FBD49C72AD295B100F515B8 /* Frameworks */ = {
			isa = PBXFrameworksBuildPhase;
			buildActionMask = 2147483647;
			files = (
				5FD0AA342AD52129001EEE36 /* FirebaseAuth in Frameworks */,
				5FD0AA322AD52123001EEE36 /* FirebaseStorage in Frameworks */,
				5FBD49E62AD32B8F00F515B8 /* SnapKit in Frameworks */,
				5FBD49E82AD32B8F00F515B8 /* SnapKit-Dynamic in Frameworks */,
				5FBC644A2AD8BCFE00EC894E /* Kingfisher in Frameworks */,
				5FD0AA362AD52133001EEE36 /* FirebaseFirestore in Frameworks */,
				5FBC644F2AD8BDD000EC894E /* SDWebImageMapKit in Frameworks */,
				5FBC644D2AD8BDD000EC894E /* SDWebImage in Frameworks */,
				5FEB1DD02AD403990033F164 /* IQKeyboardManagerSwift in Frameworks */,
				5FBC64412AD8A98700EC894E /* Lottie in Frameworks */,
			);
			runOnlyForDeploymentPostprocessing = 0;
		};
/* End PBXFrameworksBuildPhase section */

/* Begin PBXGroup section */
		5FA2B9472AD3354C003C80D7 /* Utility */ = {
			isa = PBXGroup;
			children = (
				5FC5C7552AD5DB6F00D946B4 /* AppError */,
				5FD0AA372AD52741001EEE36 /* Extensions */,
				5FEB1DAF2AD335B00033F164 /* Constants */,
			);
			path = Utility;
			sourceTree = "<group>";
		};
		5FBA36BE2ADD54FC00B4BF24 /* Cell */ = {
			isa = PBXGroup;
			children = (
				5FBA36BF2ADD551A00B4BF24 /* FeaturedCollectionViewCell.swift */,
				5F47FC6C2ADF5537003943DD /* WishListTableViewCell.swift */,
				5FF0D50D2AE01A9A0086CAA1 /* BasketListTableViewCell.swift */,
			);
			path = Cell;
			sourceTree = "<group>";
		};
		5FBC64392AD876D300EC894E /* Packages */ = {
			isa = PBXGroup;
			children = (
				5FBC643A2AD8771900EC894E /* ImageLoader.swift */,
			);
			path = Packages;
			sourceTree = "<group>";
		};
		5FBC64422AD8A98F00EC894E /* Assets */ = {
			isa = PBXGroup;
			children = (
				5FBC64432AD8A9B200EC894E /* Lottie */,
				5FBD49D62AD295B200F515B8 /* Assets.xcassets */,
			);
			path = Assets;
			sourceTree = "<group>";
		};
		5FBC64432AD8A9B200EC894E /* Lottie */ = {
			isa = PBXGroup;
			children = (
				5FBC64442AD8AD7100EC894E /* LaunchScreen.json */,
				5FBC306E2AE1E9AC00CC4713 /* Loading.json */,
			);
			path = Lottie;
			sourceTree = "<group>";
		};
		5FBD49C12AD295B100F515B8 = {
			isa = PBXGroup;
			children = (
				5FBD49CC2AD295B100F515B8 /* CoffeeConnect */,
				5FBD49CB2AD295B100F515B8 /* Products */,
				5FD0AA302AD52123001EEE36 /* Frameworks */,
			);
			sourceTree = "<group>";
		};
		5FBD49CB2AD295B100F515B8 /* Products */ = {
			isa = PBXGroup;
			children = (
				5FBD49CA2AD295B100F515B8 /* CoffeeConnect.app */,
			);
			name = Products;
			sourceTree = "<group>";
		};
		5FBD49CC2AD295B100F515B8 /* CoffeeConnect */ = {
			isa = PBXGroup;
			children = (
				5FBC64392AD876D300EC894E /* Packages */,
				5FD0AA2D2AD52022001EEE36 /* Service */,
				5FBD49E12AD32AA500F515B8 /* Model */,
				5FBD49E22AD32AAE00F515B8 /* View */,
				5FBD49E32AD32AB400F515B8 /* Controller */,
				5FA2B9472AD3354C003C80D7 /* Utility */,
				5FEB1DD32AD42D3C0033F164 /* Manager */,
				5FEB1DB62AD33CD40033F164 /* Resources */,
				5FBC64422AD8A98F00EC894E /* Assets */,
				5FBD49CD2AD295B100F515B8 /* AppDelegate.swift */,
				5FBD49CF2AD295B100F515B8 /* SceneDelegate.swift */,
				5FBD49D82AD295B200F515B8 /* LaunchScreen.storyboard */,
				5FBD49DB2AD295B200F515B8 /* Info.plist */,
				5FB5106A2AD517A0002AF588 /* GoogleService-Info.plist */,
			);
			path = CoffeeConnect;
			sourceTree = "<group>";
		};
		5FBD49E12AD32AA500F515B8 /* Model */ = {
			isa = PBXGroup;
			children = (
				5FD0AA1D2AD51E09001EEE36 /* UserModel.swift */,
				5FD0AA1F2AD51E3C001EEE36 /* PostModel.swift */,
				5FD0AA212AD51E51001EEE36 /* CommentModel.swift */,
				5FD0AA232AD51E6D001EEE36 /* CoffeeModel.swift */,
				5FD0AA252AD51E86001EEE36 /* ShoppingCartModel.swift */,
				5FD0AA272AD51E9D001EEE36 /* WishlistItemModel.swift */,
				5FD0AA292AD51EB4001EEE36 /* CoffeeCategoryModel.swift */,
				5FD0AA2B2AD51F1D001EEE36 /* ShoppingCartItemModel.swift */,
				5F0FDBF12ADA851A00A41D8A /* SpecialModel.swift */,
			);
			path = Model;
			sourceTree = "<group>";
		};
		5FBD49E22AD32AAE00F515B8 /* View */ = {
			isa = PBXGroup;
			children = (
				5FBA36BE2ADD54FC00B4BF24 /* Cell */,
				5FEB1DB22AD338280033F164 /* CustomTextField.swift */,
				5FEB1DBC2AD33F7F0033F164 /* CustomButton.swift */,
				5FEB1DCA2AD3DC720033F164 /* LoginLogoImageView.swift */,
				5FD0AA3A2AD532B8001EEE36 /* CustomProgressIndicator.swift */,
				5F64E1992AD987140029A590 /* PagingView.swift */,
			);
			path = View;
			sourceTree = "<group>";
		};
		5FBD49E32AD32AB400F515B8 /* Controller */ = {
			isa = PBXGroup;
			children = (
				5FBD49D12AD295B100F515B8 /* LoginViewController.swift */,
				5FEB1DC82AD3DB6F0033F164 /* RegisterViewController.swift */,
				5FC5C7532AD55D3400D946B4 /* HomeViewController.swift */,
				5FBC64462AD8ADAE00EC894E /* SplashViewController.swift */,
				5F47FC5E2ADF36A1003943DD /* MainTabBarController.swift */,
				5F47FC602ADF36C0003943DD /* WishListViewController.swift */,
				5F47FC622ADF36D0003943DD /* BasketViewController.swift */,
				5F47FC642ADF36E1003943DD /* ProfileViewController.swift */,
				5F47FC662ADF3710003943DD /* DiscoverViewController.swift */,
				5F47FC682ADF3722003943DD /* SearchViewController.swift */,
				5F47FC6E2ADF73B0003943DD /* CoffeeDetailViewController.swift */,
			);
			path = Controller;
			sourceTree = "<group>";
		};
		5FC5C7552AD5DB6F00D946B4 /* AppError */ = {
			isa = PBXGroup;
			children = (
				5FC5C7562AD5DB8300D946B4 /* AppError.swift */,
			);
			path = AppError;
			sourceTree = "<group>";
		};
		5FD0AA2D2AD52022001EEE36 /* Service */ = {
			isa = PBXGroup;
			children = (
				5FD0AA2E2AD52031001EEE36 /* AuthenticationService.swift */,
				5FBA36BC2ADC25DB00B4BF24 /* AppData.swift */,
				5F47FC6A2ADF4875003943DD /* DataService.swift */,
			);
			path = Service;
			sourceTree = "<group>";
		};
		5FD0AA302AD52123001EEE36 /* Frameworks */ = {
			isa = PBXGroup;
			children = (
			);
			name = Frameworks;
			sourceTree = "<group>";
		};
		5FD0AA372AD52741001EEE36 /* Extensions */ = {
			isa = PBXGroup;
			children = (
				5FD0AA382AD5276D001EEE36 /* AppExtensions.swift */,
			);
			path = Extensions;
			sourceTree = "<group>";
		};
		5FEB1DAF2AD335B00033F164 /* Constants */ = {
			isa = PBXGroup;
			children = (
				5FEB1DB02AD335DF0033F164 /* AppColors.swift */,
				5FEB1DB42AD33A8B0033F164 /* StringConstants.swift */,
				5FEB1DC62AD3CE6F0033F164 /* AppStyle.swift */,
				5F73154A2AD66FAE00477E54 /* FirebaseConstants.swift */,
			);
			path = Constants;
			sourceTree = "<group>";
		};
		5FEB1DB62AD33CD40033F164 /* Resources */ = {
			isa = PBXGroup;
			children = (
				5FEB1DB72AD33D130033F164 /* Localization */,
			);
			path = Resources;
			sourceTree = "<group>";
		};
		5FEB1DB72AD33D130033F164 /* Localization */ = {
			isa = PBXGroup;
			children = (
				5FEB1DB82AD33D330033F164 /* tr.lproj */,
			);
			path = Localization;
			sourceTree = "<group>";
		};
		5FEB1DB82AD33D330033F164 /* tr.lproj */ = {
			isa = PBXGroup;
			children = (
				5FEB1DC12AD3476A0033F164 /* Localizable.xcstrings */,
			);
			path = tr.lproj;
			sourceTree = "<group>";
		};
		5FEB1DD32AD42D3C0033F164 /* Manager */ = {
			isa = PBXGroup;
			children = (
				5FEB1DD12AD4221E0033F164 /* PhotoPickerManager.swift */,
			);
			path = Manager;
			sourceTree = "<group>";
		};
/* End PBXGroup section */

/* Begin PBXNativeTarget section */
		5FBD49C92AD295B100F515B8 /* CoffeeConnect */ = {
			isa = PBXNativeTarget;
			buildConfigurationList = 5FBD49DE2AD295B200F515B8 /* Build configuration list for PBXNativeTarget "CoffeeConnect" */;
			buildPhases = (
				5FBD49C62AD295B100F515B8 /* Sources */,
				5FBD49C72AD295B100F515B8 /* Frameworks */,
				5FBD49C82AD295B100F515B8 /* Resources */,
			);
			buildRules = (
			);
			dependencies = (
			);
			name = CoffeeConnect;
			packageProductDependencies = (
				5FBD49E52AD32B8F00F515B8 /* SnapKit */,
				5FBD49E72AD32B8F00F515B8 /* SnapKit-Dynamic */,
				5FEB1DCF2AD403990033F164 /* IQKeyboardManagerSwift */,
				5FD0AA312AD52123001EEE36 /* FirebaseStorage */,
				5FD0AA332AD52129001EEE36 /* FirebaseAuth */,
				5FD0AA352AD52133001EEE36 /* FirebaseFirestore */,
				5FBC64402AD8A98700EC894E /* Lottie */,
				5FBC64492AD8BCFE00EC894E /* Kingfisher */,
				5FBC644C2AD8BDD000EC894E /* SDWebImage */,
				5FBC644E2AD8BDD000EC894E /* SDWebImageMapKit */,
			);
			productName = CoffeeConnect;
			productReference = 5FBD49CA2AD295B100F515B8 /* CoffeeConnect.app */;
			productType = "com.apple.product-type.application";
		};
/* End PBXNativeTarget section */

/* Begin PBXProject section */
		5FBD49C22AD295B100F515B8 /* Project object */ = {
			isa = PBXProject;
			attributes = {
				BuildIndependentTargetsInParallel = 1;
				LastSwiftUpdateCheck = 1500;
				LastUpgradeCheck = 1500;
				TargetAttributes = {
					5FBD49C92AD295B100F515B8 = {
						CreatedOnToolsVersion = 15.0;
					};
				};
			};
			buildConfigurationList = 5FBD49C52AD295B100F515B8 /* Build configuration list for PBXProject "CoffeeConnect" */;
			compatibilityVersion = "Xcode 14.0";
			developmentRegion = en;
			hasScannedForEncodings = 0;
			knownRegions = (
				en,
				Base,
				tr,
			);
			mainGroup = 5FBD49C12AD295B100F515B8;
			packageReferences = (
				5FBD49E42AD32B8F00F515B8 /* XCRemoteSwiftPackageReference "SnapKit" */,
				5FEB1DCE2AD403990033F164 /* XCRemoteSwiftPackageReference "IQKeyboardManager" */,
				5FD0AA122AD51930001EEE36 /* XCRemoteSwiftPackageReference "firebase-ios-sdk" */,
				5FBC643F2AD8A98700EC894E /* XCRemoteSwiftPackageReference "lottie-ios" */,
				5FBC64482AD8BCFE00EC894E /* XCRemoteSwiftPackageReference "Kingfisher" */,
				5FBC644B2AD8BDCF00EC894E /* XCRemoteSwiftPackageReference "SDWebImage" */,
			);
			productRefGroup = 5FBD49CB2AD295B100F515B8 /* Products */;
			projectDirPath = "";
			projectRoot = "";
			targets = (
				5FBD49C92AD295B100F515B8 /* CoffeeConnect */,
			);
		};
/* End PBXProject section */

/* Begin PBXResourcesBuildPhase section */
		5FBD49C82AD295B100F515B8 /* Resources */ = {
			isa = PBXResourcesBuildPhase;
			buildActionMask = 2147483647;
			files = (
				5FBD49DA2AD295B200F515B8 /* LaunchScreen.storyboard in Resources */,
				5FB5106B2AD517A0002AF588 /* GoogleService-Info.plist in Resources */,
				5FBC306F2AE1E9AC00CC4713 /* Loading.json in Resources */,
				5FBD49D72AD295B200F515B8 /* Assets.xcassets in Resources */,
				5FBC64452AD8AD7100EC894E /* LaunchScreen.json in Resources */,
				5FEB1DC32AD3476A0033F164 /* Localizable.xcstrings in Resources */,
			);
			runOnlyForDeploymentPostprocessing = 0;
		};
/* End PBXResourcesBuildPhase section */

/* Begin PBXSourcesBuildPhase section */
		5FBD49C62AD295B100F515B8 /* Sources */ = {
			isa = PBXSourcesBuildPhase;
			buildActionMask = 2147483647;
			files = (
				5F47FC632ADF36D0003943DD /* BasketViewController.swift in Sources */,
				5FD0AA2C2AD51F1D001EEE36 /* ShoppingCartItemModel.swift in Sources */,
				5F64E19A2AD987140029A590 /* PagingView.swift in Sources */,
				5FEB1DC92AD3DB6F0033F164 /* RegisterViewController.swift in Sources */,
				5FF0D50E2AE01A9A0086CAA1 /* BasketListTableViewCell.swift in Sources */,
				5FD0AA282AD51E9D001EEE36 /* WishlistItemModel.swift in Sources */,
				5FEB1DCB2AD3DC720033F164 /* LoginLogoImageView.swift in Sources */,
				5FD0AA2A2AD51EB4001EEE36 /* CoffeeCategoryModel.swift in Sources */,
				5FEB1DD22AD4221E0033F164 /* PhotoPickerManager.swift in Sources */,
				5F47FC612ADF36C0003943DD /* WishListViewController.swift in Sources */,
				5F47FC672ADF3710003943DD /* DiscoverViewController.swift in Sources */,
				5FC5C7542AD55D3400D946B4 /* HomeViewController.swift in Sources */,
				5FBC64472AD8ADAE00EC894E /* SplashViewController.swift in Sources */,
				5FD0AA392AD5276D001EEE36 /* AppExtensions.swift in Sources */,
				5F47FC5F2ADF36A1003943DD /* MainTabBarController.swift in Sources */,
				5FD0AA3B2AD532B8001EEE36 /* CustomProgressIndicator.swift in Sources */,
				5FD0AA2F2AD52031001EEE36 /* AuthenticationService.swift in Sources */,
				5FBD49D22AD295B100F515B8 /* LoginViewController.swift in Sources */,
				5FEB1DB12AD335DF0033F164 /* AppColors.swift in Sources */,
				5FBC643B2AD8771900EC894E /* ImageLoader.swift in Sources */,
				5FD0AA262AD51E86001EEE36 /* ShoppingCartModel.swift in Sources */,
				5FD0AA202AD51E3C001EEE36 /* PostModel.swift in Sources */,
				5FEB1DB52AD33A8B0033F164 /* StringConstants.swift in Sources */,
				5FBD49CE2AD295B100F515B8 /* AppDelegate.swift in Sources */,
				5FEB1DBD2AD33F7F0033F164 /* CustomButton.swift in Sources */,
				5FEB1DC72AD3CE6F0033F164 /* AppStyle.swift in Sources */,
				5F47FC6B2ADF4875003943DD /* DataService.swift in Sources */,
				5FBD49D02AD295B100F515B8 /* SceneDelegate.swift in Sources */,
				5F47FC692ADF3722003943DD /* SearchViewController.swift in Sources */,
				5FD0AA242AD51E6D001EEE36 /* CoffeeModel.swift in Sources */,
				5F0FDBF22ADA851A00A41D8A /* SpecialModel.swift in Sources */,
				5FC5C7572AD5DB8300D946B4 /* AppError.swift in Sources */,
				5FD0AA222AD51E51001EEE36 /* CommentModel.swift in Sources */,
				5F47FC6D2ADF5537003943DD /* WishListTableViewCell.swift in Sources */,
				5FD0AA1E2AD51E09001EEE36 /* UserModel.swift in Sources */,
				5F47FC6F2ADF73B0003943DD /* CoffeeDetailViewController.swift in Sources */,
				5F73154B2AD66FAE00477E54 /* FirebaseConstants.swift in Sources */,
				5FEB1DB32AD338280033F164 /* CustomTextField.swift in Sources */,
				5F47FC652ADF36E1003943DD /* ProfileViewController.swift in Sources */,
				5FBA36BD2ADC25DB00B4BF24 /* AppData.swift in Sources */,
				5FBA36C02ADD551A00B4BF24 /* FeaturedCollectionViewCell.swift in Sources */,
			);
			runOnlyForDeploymentPostprocessing = 0;
		};
/* End PBXSourcesBuildPhase section */

/* Begin PBXVariantGroup section */
		5FBD49D82AD295B200F515B8 /* LaunchScreen.storyboard */ = {
			isa = PBXVariantGroup;
			children = (
				5FBD49D92AD295B200F515B8 /* Base */,
			);
			name = LaunchScreen.storyboard;
			sourceTree = "<group>";
		};
		5FEB1DC12AD3476A0033F164 /* Localizable.xcstrings */ = {
			isa = PBXVariantGroup;
			children = (
				5FEB1DC22AD3476A0033F164 /* tr */,
			);
			name = Localizable.xcstrings;
			sourceTree = "<group>";
		};
/* End PBXVariantGroup section */

/* Begin XCBuildConfiguration section */
		5FBD49DC2AD295B200F515B8 /* Debug */ = {
			isa = XCBuildConfiguration;
			buildSettings = {
				ALWAYS_SEARCH_USER_PATHS = NO;
				ASSETCATALOG_COMPILER_GENERATE_SWIFT_ASSET_SYMBOL_EXTENSIONS = YES;
				CLANG_ANALYZER_NONNULL = YES;
				CLANG_ANALYZER_NUMBER_OBJECT_CONVERSION = YES_AGGRESSIVE;
				CLANG_CXX_LANGUAGE_STANDARD = "gnu++20";
				CLANG_ENABLE_MODULES = YES;
				CLANG_ENABLE_OBJC_ARC = YES;
				CLANG_ENABLE_OBJC_WEAK = YES;
				CLANG_WARN_BLOCK_CAPTURE_AUTORELEASING = YES;
				CLANG_WARN_BOOL_CONVERSION = YES;
				CLANG_WARN_COMMA = YES;
				CLANG_WARN_CONSTANT_CONVERSION = YES;
				CLANG_WARN_DEPRECATED_OBJC_IMPLEMENTATIONS = YES;
				CLANG_WARN_DIRECT_OBJC_ISA_USAGE = YES_ERROR;
				CLANG_WARN_DOCUMENTATION_COMMENTS = YES;
				CLANG_WARN_EMPTY_BODY = YES;
				CLANG_WARN_ENUM_CONVERSION = YES;
				CLANG_WARN_INFINITE_RECURSION = YES;
				CLANG_WARN_INT_CONVERSION = YES;
				CLANG_WARN_NON_LITERAL_NULL_CONVERSION = YES;
				CLANG_WARN_OBJC_IMPLICIT_RETAIN_SELF = YES;
				CLANG_WARN_OBJC_LITERAL_CONVERSION = YES;
				CLANG_WARN_OBJC_ROOT_CLASS = YES_ERROR;
				CLANG_WARN_QUOTED_INCLUDE_IN_FRAMEWORK_HEADER = YES;
				CLANG_WARN_RANGE_LOOP_ANALYSIS = YES;
				CLANG_WARN_STRICT_PROTOTYPES = YES;
				CLANG_WARN_SUSPICIOUS_MOVE = YES;
				CLANG_WARN_UNGUARDED_AVAILABILITY = YES_AGGRESSIVE;
				CLANG_WARN_UNREACHABLE_CODE = YES;
				CLANG_WARN__DUPLICATE_METHOD_MATCH = YES;
				COPY_PHASE_STRIP = NO;
				DEBUG_INFORMATION_FORMAT = dwarf;
				ENABLE_STRICT_OBJC_MSGSEND = YES;
				ENABLE_TESTABILITY = YES;
				ENABLE_USER_SCRIPT_SANDBOXING = YES;
				GCC_C_LANGUAGE_STANDARD = gnu17;
				GCC_DYNAMIC_NO_PIC = NO;
				GCC_NO_COMMON_BLOCKS = YES;
				GCC_OPTIMIZATION_LEVEL = 0;
				GCC_PREPROCESSOR_DEFINITIONS = (
					"DEBUG=1",
					"$(inherited)",
				);
				GCC_WARN_64_TO_32_BIT_CONVERSION = YES;
				GCC_WARN_ABOUT_RETURN_TYPE = YES_ERROR;
				GCC_WARN_UNDECLARED_SELECTOR = YES;
				GCC_WARN_UNINITIALIZED_AUTOS = YES_AGGRESSIVE;
				GCC_WARN_UNUSED_FUNCTION = YES;
				GCC_WARN_UNUSED_VARIABLE = YES;
				IPHONEOS_DEPLOYMENT_TARGET = 17.0;
				LOCALIZATION_PREFERS_STRING_CATALOGS = YES;
				MTL_ENABLE_DEBUG_INFO = INCLUDE_SOURCE;
				MTL_FAST_MATH = YES;
				ONLY_ACTIVE_ARCH = YES;
				SDKROOT = iphoneos;
				SWIFT_ACTIVE_COMPILATION_CONDITIONS = "DEBUG $(inherited)";
				SWIFT_OPTIMIZATION_LEVEL = "-Onone";
			};
			name = Debug;
		};
		5FBD49DD2AD295B200F515B8 /* Release */ = {
			isa = XCBuildConfiguration;
			buildSettings = {
				ALWAYS_SEARCH_USER_PATHS = NO;
				ASSETCATALOG_COMPILER_GENERATE_SWIFT_ASSET_SYMBOL_EXTENSIONS = YES;
				CLANG_ANALYZER_NONNULL = YES;
				CLANG_ANALYZER_NUMBER_OBJECT_CONVERSION = YES_AGGRESSIVE;
				CLANG_CXX_LANGUAGE_STANDARD = "gnu++20";
				CLANG_ENABLE_MODULES = YES;
				CLANG_ENABLE_OBJC_ARC = YES;
				CLANG_ENABLE_OBJC_WEAK = YES;
				CLANG_WARN_BLOCK_CAPTURE_AUTORELEASING = YES;
				CLANG_WARN_BOOL_CONVERSION = YES;
				CLANG_WARN_COMMA = YES;
				CLANG_WARN_CONSTANT_CONVERSION = YES;
				CLANG_WARN_DEPRECATED_OBJC_IMPLEMENTATIONS = YES;
				CLANG_WARN_DIRECT_OBJC_ISA_USAGE = YES_ERROR;
				CLANG_WARN_DOCUMENTATION_COMMENTS = YES;
				CLANG_WARN_EMPTY_BODY = YES;
				CLANG_WARN_ENUM_CONVERSION = YES;
				CLANG_WARN_INFINITE_RECURSION = YES;
				CLANG_WARN_INT_CONVERSION = YES;
				CLANG_WARN_NON_LITERAL_NULL_CONVERSION = YES;
				CLANG_WARN_OBJC_IMPLICIT_RETAIN_SELF = YES;
				CLANG_WARN_OBJC_LITERAL_CONVERSION = YES;
				CLANG_WARN_OBJC_ROOT_CLASS = YES_ERROR;
				CLANG_WARN_QUOTED_INCLUDE_IN_FRAMEWORK_HEADER = YES;
				CLANG_WARN_RANGE_LOOP_ANALYSIS = YES;
				CLANG_WARN_STRICT_PROTOTYPES = YES;
				CLANG_WARN_SUSPICIOUS_MOVE = YES;
				CLANG_WARN_UNGUARDED_AVAILABILITY = YES_AGGRESSIVE;
				CLANG_WARN_UNREACHABLE_CODE = YES;
				CLANG_WARN__DUPLICATE_METHOD_MATCH = YES;
				COPY_PHASE_STRIP = NO;
				DEBUG_INFORMATION_FORMAT = "dwarf-with-dsym";
				ENABLE_NS_ASSERTIONS = NO;
				ENABLE_STRICT_OBJC_MSGSEND = YES;
				ENABLE_USER_SCRIPT_SANDBOXING = YES;
				GCC_C_LANGUAGE_STANDARD = gnu17;
				GCC_NO_COMMON_BLOCKS = YES;
				GCC_WARN_64_TO_32_BIT_CONVERSION = YES;
				GCC_WARN_ABOUT_RETURN_TYPE = YES_ERROR;
				GCC_WARN_UNDECLARED_SELECTOR = YES;
				GCC_WARN_UNINITIALIZED_AUTOS = YES_AGGRESSIVE;
				GCC_WARN_UNUSED_FUNCTION = YES;
				GCC_WARN_UNUSED_VARIABLE = YES;
				IPHONEOS_DEPLOYMENT_TARGET = 17.0;
				LOCALIZATION_PREFERS_STRING_CATALOGS = YES;
				MTL_ENABLE_DEBUG_INFO = NO;
				MTL_FAST_MATH = YES;
				SDKROOT = iphoneos;
				SWIFT_COMPILATION_MODE = wholemodule;
				VALIDATE_PRODUCT = YES;
			};
			name = Release;
		};
		5FBD49DF2AD295B200F515B8 /* Debug */ = {
			isa = XCBuildConfiguration;
			buildSettings = {
				ASSETCATALOG_COMPILER_APPICON_NAME = AppIcon;
				ASSETCATALOG_COMPILER_GLOBAL_ACCENT_COLOR_NAME = AccentColor;
				CODE_SIGN_STYLE = Automatic;
				CURRENT_PROJECT_VERSION = 1;
				DEVELOPMENT_TEAM = UKXQYP47Y9;
				GENERATE_INFOPLIST_FILE = YES;
				INFOPLIST_FILE = CoffeeConnect/Info.plist;
				INFOPLIST_KEY_UIApplicationSupportsIndirectInputEvents = YES;
				INFOPLIST_KEY_UILaunchStoryboardName = LaunchScreen;
				INFOPLIST_KEY_UISupportedInterfaceOrientations_iPad = "UIInterfaceOrientationPortrait UIInterfaceOrientationPortraitUpsideDown UIInterfaceOrientationLandscapeLeft UIInterfaceOrientationLandscapeRight";
				INFOPLIST_KEY_UISupportedInterfaceOrientations_iPhone = "UIInterfaceOrientationPortrait UIInterfaceOrientationLandscapeLeft UIInterfaceOrientationLandscapeRight";
				LD_RUNPATH_SEARCH_PATHS = (
					"$(inherited)",
					"@executable_path/Frameworks",
				);
				MARKETING_VERSION = 1.0;
				PRODUCT_BUNDLE_IDENTIFIER = com.tahaturan.testone.CoffeeConnect;
				PRODUCT_NAME = "$(TARGET_NAME)";
				SWIFT_EMIT_LOC_STRINGS = YES;
				SWIFT_VERSION = 5.0;
				TARGETED_DEVICE_FAMILY = "1,2";
			};
			name = Debug;
		};
		5FBD49E02AD295B200F515B8 /* Release */ = {
			isa = XCBuildConfiguration;
			buildSettings = {
				ASSETCATALOG_COMPILER_APPICON_NAME = AppIcon;
				ASSETCATALOG_COMPILER_GLOBAL_ACCENT_COLOR_NAME = AccentColor;
				CODE_SIGN_STYLE = Automatic;
				CURRENT_PROJECT_VERSION = 1;
				DEVELOPMENT_TEAM = UKXQYP47Y9;
				GENERATE_INFOPLIST_FILE = YES;
				INFOPLIST_FILE = CoffeeConnect/Info.plist;
				INFOPLIST_KEY_UIApplicationSupportsIndirectInputEvents = YES;
				INFOPLIST_KEY_UILaunchStoryboardName = LaunchScreen;
				INFOPLIST_KEY_UISupportedInterfaceOrientations_iPad = "UIInterfaceOrientationPortrait UIInterfaceOrientationPortraitUpsideDown UIInterfaceOrientationLandscapeLeft UIInterfaceOrientationLandscapeRight";
				INFOPLIST_KEY_UISupportedInterfaceOrientations_iPhone = "UIInterfaceOrientationPortrait UIInterfaceOrientationLandscapeLeft UIInterfaceOrientationLandscapeRight";
				LD_RUNPATH_SEARCH_PATHS = (
					"$(inherited)",
					"@executable_path/Frameworks",
				);
				MARKETING_VERSION = 1.0;
				PRODUCT_BUNDLE_IDENTIFIER = com.tahaturan.testone.CoffeeConnect;
				PRODUCT_NAME = "$(TARGET_NAME)";
				SWIFT_EMIT_LOC_STRINGS = YES;
				SWIFT_VERSION = 5.0;
				TARGETED_DEVICE_FAMILY = "1,2";
			};
			name = Release;
		};
/* End XCBuildConfiguration section */

/* Begin XCConfigurationList section */
		5FBD49C52AD295B100F515B8 /* Build configuration list for PBXProject "CoffeeConnect" */ = {
			isa = XCConfigurationList;
			buildConfigurations = (
				5FBD49DC2AD295B200F515B8 /* Debug */,
				5FBD49DD2AD295B200F515B8 /* Release */,
			);
			defaultConfigurationIsVisible = 0;
			defaultConfigurationName = Release;
		};
		5FBD49DE2AD295B200F515B8 /* Build configuration list for PBXNativeTarget "CoffeeConnect" */ = {
			isa = XCConfigurationList;
			buildConfigurations = (
				5FBD49DF2AD295B200F515B8 /* Debug */,
				5FBD49E02AD295B200F515B8 /* Release */,
			);
			defaultConfigurationIsVisible = 0;
			defaultConfigurationName = Release;
		};
/* End XCConfigurationList section */

/* Begin XCRemoteSwiftPackageReference section */
		5FBC643F2AD8A98700EC894E /* XCRemoteSwiftPackageReference "lottie-ios" */ = {
			isa = XCRemoteSwiftPackageReference;
			repositoryURL = "https://github.com/airbnb/lottie-ios.git";
			requirement = {
				kind = upToNextMajorVersion;
				minimumVersion = 4.3.3;
			};
		};
		5FBC64482AD8BCFE00EC894E /* XCRemoteSwiftPackageReference "Kingfisher" */ = {
			isa = XCRemoteSwiftPackageReference;
			repositoryURL = "https://github.com/onevcat/Kingfisher";
			requirement = {
				kind = upToNextMajorVersion;
				minimumVersion = 7.9.1;
			};
		};
		5FBC644B2AD8BDCF00EC894E /* XCRemoteSwiftPackageReference "SDWebImage" */ = {
			isa = XCRemoteSwiftPackageReference;
			repositoryURL = "https://github.com/SDWebImage/SDWebImage";
			requirement = {
				kind = upToNextMajorVersion;
				minimumVersion = 5.18.3;
			};
		};
		5FBD49E42AD32B8F00F515B8 /* XCRemoteSwiftPackageReference "SnapKit" */ = {
			isa = XCRemoteSwiftPackageReference;
			repositoryURL = "https://github.com/SnapKit/SnapKit.git";
			requirement = {
				kind = upToNextMajorVersion;
				minimumVersion = 5.6.0;
			};
		};
		5FD0AA122AD51930001EEE36 /* XCRemoteSwiftPackageReference "firebase-ios-sdk" */ = {
			isa = XCRemoteSwiftPackageReference;
			repositoryURL = "https://github.com/firebase/firebase-ios-sdk.git";
			requirement = {
				kind = upToNextMajorVersion;
				minimumVersion = 10.16.0;
			};
		};
		5FEB1DCE2AD403990033F164 /* XCRemoteSwiftPackageReference "IQKeyboardManager" */ = {
			isa = XCRemoteSwiftPackageReference;
			repositoryURL = "https://github.com/hackiftekhar/IQKeyboardManager.git";
			requirement = {
				kind = upToNextMajorVersion;
				minimumVersion = 6.5.15;
			};
		};
/* End XCRemoteSwiftPackageReference section */

/* Begin XCSwiftPackageProductDependency section */
		5FBC64402AD8A98700EC894E /* Lottie */ = {
			isa = XCSwiftPackageProductDependency;
			package = 5FBC643F2AD8A98700EC894E /* XCRemoteSwiftPackageReference "lottie-ios" */;
			productName = Lottie;
		};
		5FBC64492AD8BCFE00EC894E /* Kingfisher */ = {
			isa = XCSwiftPackageProductDependency;
			package = 5FBC64482AD8BCFE00EC894E /* XCRemoteSwiftPackageReference "Kingfisher" */;
			productName = Kingfisher;
		};
		5FBC644C2AD8BDD000EC894E /* SDWebImage */ = {
			isa = XCSwiftPackageProductDependency;
			package = 5FBC644B2AD8BDCF00EC894E /* XCRemoteSwiftPackageReference "SDWebImage" */;
			productName = SDWebImage;
		};
		5FBC644E2AD8BDD000EC894E /* SDWebImageMapKit */ = {
			isa = XCSwiftPackageProductDependency;
			package = 5FBC644B2AD8BDCF00EC894E /* XCRemoteSwiftPackageReference "SDWebImage" */;
			productName = SDWebImageMapKit;
		};
		5FBD49E52AD32B8F00F515B8 /* SnapKit */ = {
			isa = XCSwiftPackageProductDependency;
			package = 5FBD49E42AD32B8F00F515B8 /* XCRemoteSwiftPackageReference "SnapKit" */;
			productName = SnapKit;
		};
		5FBD49E72AD32B8F00F515B8 /* SnapKit-Dynamic */ = {
			isa = XCSwiftPackageProductDependency;
			package = 5FBD49E42AD32B8F00F515B8 /* XCRemoteSwiftPackageReference "SnapKit" */;
			productName = "SnapKit-Dynamic";
		};
		5FD0AA312AD52123001EEE36 /* FirebaseStorage */ = {
			isa = XCSwiftPackageProductDependency;
			package = 5FD0AA122AD51930001EEE36 /* XCRemoteSwiftPackageReference "firebase-ios-sdk" */;
			productName = FirebaseStorage;
		};
		5FD0AA332AD52129001EEE36 /* FirebaseAuth */ = {
			isa = XCSwiftPackageProductDependency;
			package = 5FD0AA122AD51930001EEE36 /* XCRemoteSwiftPackageReference "firebase-ios-sdk" */;
			productName = FirebaseAuth;
		};
		5FD0AA352AD52133001EEE36 /* FirebaseFirestore */ = {
			isa = XCSwiftPackageProductDependency;
			package = 5FD0AA122AD51930001EEE36 /* XCRemoteSwiftPackageReference "firebase-ios-sdk" */;
			productName = FirebaseFirestore;
		};
		5FEB1DCF2AD403990033F164 /* IQKeyboardManagerSwift */ = {
			isa = XCSwiftPackageProductDependency;
			package = 5FEB1DCE2AD403990033F164 /* XCRemoteSwiftPackageReference "IQKeyboardManager" */;
			productName = IQKeyboardManagerSwift;
		};
/* End XCSwiftPackageProductDependency section */
	};
	rootObject = 5FBD49C22AD295B100F515B8 /* Project object */;
}
